
Microsoft Visual Studio Solution File, Format Version 12.00
# Visual Studio Version 17
VisualStudioVersion = 17.4.33213.308
MinimumVisualStudioVersion = 10.0.40219.1
Project("{FAE04EC0-301F-11D3-BF4B-00C04F79EFBC}") = "LoginIdentityNet7", "LoginIdentityNet7\LoginIdentityNet7.csproj", "{7FF619EE-496D-409D-9457-15ABB74DC112}"
EndProject
Global
	GlobalSection(SolutionConfigurationPlatforms) = preSolution
		Debug|Any CPU = Debug|Any CPU
		Release|Any CPU = Release|Any CPU
	EndGlobalSection
	GlobalSection(ProjectConfigurationPlatforms) = postSolution
		{7FF619EE-496D-409D-9457-15ABB74DC112}.Debug|Any CPU.ActiveCfg = Debug|Any CPU
		{7FF619EE-496D-409D-9457-15ABB74DC112}.Debug|Any CPU.Build.0 = Debug|Any CPU
		{7FF619EE-496D-409D-9457-15ABB74DC112}.Release|Any CPU.ActiveCfg = Release|Any CPU
		{7FF619EE-496D-409D-9457-15ABB74DC112}.Release|Any CPU.Build.0 = Release|Any CPU
	EndGlobalSection
	GlobalSection(SolutionProperties) = preSolution
		HideSolutionNode = FALSE
	EndGlobalSection
	GlobalSection(ExtensibilityGlobals) = postSolution
		SolutionGuid = {139EA170-4C49-4A65-B58E-C8A1A1FAE380}
	EndGlobalSection
EndGlobal
